
Microsoft Visual Studio Solution File, Format Version 12.00
Project("{FAE04EC0-301F-11D3-BF4B-00C04F79EFBC}") = "Order.Worker", "Order.Worker.csproj", "{EEA371C4-EA55-4657-96EA-AE3AB3AF3A9F}"
EndProject
Global
	GlobalSection(SolutionConfigurationPlatforms) = preSolution
		Debug|Any CPU = Debug|Any CPU
		Release|Any CPU = Release|Any CPU
	EndGlobalSection
	GlobalSection(ProjectConfigurationPlatforms) = postSolution
		{EEA371C4-EA55-4657-96EA-AE3AB3AF3A9F}.Debug|Any CPU.ActiveCfg = Debug|Any CPU
		{EEA371C4-EA55-4657-96EA-AE3AB3AF3A9F}.Debug|Any CPU.Build.0 = Debug|Any CPU
		{EEA371C4-EA55-4657-96EA-AE3AB3AF3A9F}.Release|Any CPU.ActiveCfg = Release|Any CPU
		{EEA371C4-EA55-4657-96EA-AE3AB3AF3A9F}.Release|Any CPU.Build.0 = Release|Any CPU
	EndGlobalSection
EndGlobal
